
Microsoft Visual Studio Solution File, Format Version 12.00
# Visual Studio Version 17
VisualStudioVersion = 17.3.32922.545
MinimumVisualStudioVersion = 10.0.40219.1
Project("{FAE04EC0-301F-11D3-BF4B-00C04F79EFBC}") = "FlatWorldConnect_Web", "FlatWorldConnect\FlatWorldConnect_Web.csproj", "{8EDFBA2C-ADD7-4888-AF2C-2C1B5AE9C09D}"
EndProject
Project("{FAE04EC0-301F-11D3-BF4B-00C04F79EFBC}") = "FlatWorlConnect.Utility", "FlatWorlConnect.Utility\FlatWorlConnect.Utility.csproj", "{1BC8776F-0E59-43C4-A71C-E0173122C309}"
EndProject
Global
	GlobalSection(SolutionConfigurationPlatforms) = preSolution
		Debug|Any CPU = Debug|Any CPU
		Release|Any CPU = Release|Any CPU
	EndGlobalSection
	GlobalSection(ProjectConfigurationPlatforms) = postSolution
		{8EDFBA2C-ADD7-4888-AF2C-2C1B5AE9C09D}.Debug|Any CPU.ActiveCfg = Debug|Any CPU
		{8EDFBA2C-ADD7-4888-AF2C-2C1B5AE9C09D}.Debug|Any CPU.Build.0 = Debug|Any CPU
		{8EDFBA2C-ADD7-4888-AF2C-2C1B5AE9C09D}.Release|Any CPU.ActiveCfg = Release|Any CPU
		{8EDFBA2C-ADD7-4888-AF2C-2C1B5AE9C09D}.Release|Any CPU.Build.0 = Release|Any CPU
		{1BC8776F-0E59-43C4-A71C-E0173122C309}.Debug|Any CPU.ActiveCfg = Debug|Any CPU
		{1BC8776F-0E59-43C4-A71C-E0173122C309}.Debug|Any CPU.Build.0 = Debug|Any CPU
		{1BC8776F-0E59-43C4-A71C-E0173122C309}.Release|Any CPU.ActiveCfg = Release|Any CPU
		{1BC8776F-0E59-43C4-A71C-E0173122C309}.Release|Any CPU.Build.0 = Release|Any CPU
	EndGlobalSection
	GlobalSection(SolutionProperties) = preSolution
		HideSolutionNode = FALSE
	EndGlobalSection
	GlobalSection(ExtensibilityGlobals) = postSolution
		SolutionGuid = {4E70BF4E-4C9C-4F05-A62B-B643B79427A1}
	EndGlobalSection
EndGlobal
